
Microsoft Visual Studio Solution File, Format Version 12.00
# Visual Studio Version 17
VisualStudioVersion = 17.4.33205.214
MinimumVisualStudioVersion = 10.0.40219.1
Project("{9A19103F-16F7-4668-BE54-9A1E7A4F7556}") = "SocketTestApp", "SocketTestApp\SocketTestApp.csproj", "{7756C814-86ED-4A07-AB63-5167784ED911}"
EndProject
Project("{9A19103F-16F7-4668-BE54-9A1E7A4F7556}") = "SocketTestLib", "SocketTestLib\SocketTestLib.csproj", "{E6BF62C6-121E-4A30-8BE5-A72D6F87822B}"
EndProject
Project("{2150E333-8FDC-42A3-9474-1A3956D46DE8}") = "Solution Items", "Solution Items", "{829445C6-E24A-45B8-8DC6-DEAC3E04EE31}"
	ProjectSection(SolutionItems) = preProject
		.github\workflows\dotnet.yml = .github\workflows\dotnet.yml
	EndProjectSection
EndProject
Global
	GlobalSection(SolutionConfigurationPlatforms) = preSolution
		Debug|Any CPU = Debug|Any CPU
		Release|Any CPU = Release|Any CPU
	EndGlobalSection
	GlobalSection(ProjectConfigurationPlatforms) = postSolution
		{7756C814-86ED-4A07-AB63-5167784ED911}.Debug|Any CPU.ActiveCfg = Debug|Any CPU
		{7756C814-86ED-4A07-AB63-5167784ED911}.Debug|Any CPU.Build.0 = Debug|Any CPU
		{7756C814-86ED-4A07-AB63-5167784ED911}.Release|Any CPU.ActiveCfg = Release|Any CPU
		{7756C814-86ED-4A07-AB63-5167784ED911}.Release|Any CPU.Build.0 = Release|Any CPU
		{E6BF62C6-121E-4A30-8BE5-A72D6F87822B}.Debug|Any CPU.ActiveCfg = Debug|Any CPU
		{E6BF62C6-121E-4A30-8BE5-A72D6F87822B}.Debug|Any CPU.Build.0 = Debug|Any CPU
		{E6BF62C6-121E-4A30-8BE5-A72D6F87822B}.Release|Any CPU.ActiveCfg = Release|Any CPU
		{E6BF62C6-121E-4A30-8BE5-A72D6F87822B}.Release|Any CPU.Build.0 = Release|Any CPU
	EndGlobalSection
	GlobalSection(SolutionProperties) = preSolution
		HideSolutionNode = FALSE
	EndGlobalSection
	GlobalSection(ExtensibilityGlobals) = postSolution
		SolutionGuid = {59B32C69-E94D-47B9-9A94-259FC881A685}
	EndGlobalSection
EndGlobal
